
Microsoft Visual Studio Solution File, Format Version 12.00
# Visual Studio Version 17
VisualStudioVersion = 17.11.35327.3
MinimumVisualStudioVersion = 10.0.40219.1
Project("{F184B08F-C81C-45F6-A57F-5ABD9991F28F}") = "MyHouseHoldBudgetBook", "MyHouseHoldBudgetBook\MyHouseHoldBudgetBook.vbproj", "{2264A8F3-A2BF-4ED7-B720-3C48144824D7}"
EndProject
Global
	GlobalSection(SolutionConfigurationPlatforms) = preSolution
		Debug|Any CPU = Debug|Any CPU
		Release|Any CPU = Release|Any CPU
	EndGlobalSection
	GlobalSection(ProjectConfigurationPlatforms) = postSolution
		{2264A8F3-A2BF-4ED7-B720-3C48144824D7}.Debug|Any CPU.ActiveCfg = Debug|Any CPU
		{2264A8F3-A2BF-4ED7-B720-3C48144824D7}.Debug|Any CPU.Build.0 = Debug|Any CPU
		{2264A8F3-A2BF-4ED7-B720-3C48144824D7}.Release|Any CPU.ActiveCfg = Release|Any CPU
		{2264A8F3-A2BF-4ED7-B720-3C48144824D7}.Release|Any CPU.Build.0 = Release|Any CPU
	EndGlobalSection
	GlobalSection(SolutionProperties) = preSolution
		HideSolutionNode = FALSE
	EndGlobalSection
	GlobalSection(ExtensibilityGlobals) = postSolution
		SolutionGuid = {211F035F-62ED-428F-BDDF-3A8E369B0304}
	EndGlobalSection
EndGlobal
